
Microsoft Visual Studio Solution File, Format Version 12.00
# Visual Studio Version 17
VisualStudioVersion = 17.9.34622.214
MinimumVisualStudioVersion = 10.0.40219.1
Project("{FAE04EC0-301F-11D3-BF4B-00C04F79EFBC}") = "PintosTechnicalApp", "PintosTechnicalApp\PintosTechnicalApp.csproj", "{50C28CCB-6697-4730-B140-CECE74D72E5B}"
EndProject
Global
	GlobalSection(SolutionConfigurationPlatforms) = preSolution
		Debug|Any CPU = Debug|Any CPU
		Release|Any CPU = Release|Any CPU
	EndGlobalSection
	GlobalSection(ProjectConfigurationPlatforms) = postSolution
		{50C28CCB-6697-4730-B140-CECE74D72E5B}.Debug|Any CPU.ActiveCfg = Debug|Any CPU
		{50C28CCB-6697-4730-B140-CECE74D72E5B}.Debug|Any CPU.Build.0 = Debug|Any CPU
		{50C28CCB-6697-4730-B140-CECE74D72E5B}.Release|Any CPU.ActiveCfg = Release|Any CPU
		{50C28CCB-6697-4730-B140-CECE74D72E5B}.Release|Any CPU.Build.0 = Release|Any CPU
	EndGlobalSection
	GlobalSection(SolutionProperties) = preSolution
		HideSolutionNode = FALSE
	EndGlobalSection
	GlobalSection(ExtensibilityGlobals) = postSolution
		SolutionGuid = {2673A87C-BBF0-4841-A76F-E50AFA0F526A}
	EndGlobalSection
EndGlobal
